<?xml version="1.0" encoding="utf-8"?>
<Project ToolsVersion="4.0" xmlns="http://schemas.microsoft.com/developer/msbuild/2003">
  <ItemGroup>
    <ClCompile Include="DependencyChecker.cpp" />
    <ClCompile Include="main.cpp" />
    <ClCompile Include="FundamentalSolvers.cpp" />
    <ClCompile Include="FundamentalTests.cpp" />
  </ItemGroup>
  <ItemGroup>
    <ClInclude Include="DependencyChecker.h" />
    <ClInclude Include="FundamentalSolvers.h" />
    <ClInclude Include="FundamentalTests.h" />
  </ItemGroup>
</Project>